
Microsoft Visual Studio Solution File, Format Version 12.00
# Visual Studio 15
VisualStudioVersion = 15.0.27703.1
MinimumVisualStudioVersion = 10.0.40219.1
Project("{FAE04EC0-301F-11D3-BF4B-00C04F79EFBC}") = "Version1", "Version1\Version1.csproj", "{95EDEE73-37D6-4A75-AEED-833D799AFC00}"
EndProject
Project("{FAE04EC0-301F-11D3-BF4B-00C04F79EFBC}") = "Version2", "Version2\Version2.csproj", "{CD0A66D9-2F7A-44AD-8024-E13B16C4941B}"
EndProject
Project("{2150E333-8FDC-42A3-9474-1A3956D46DE8}") = "Solution Items", "Solution Items", "{33C8FE8A-BC1D-4FC8-B377-066BD80D9507}"
	ProjectSection(SolutionItems) = preProject
		CHANGE-LOG. = CHANGE-LOG.
		README = README
	EndProjectSection
EndProject
Project("{FAE04EC0-301F-11D3-BF4B-00C04F79EFBC}") = "Version7", "Version7\Version7.csproj", "{612ABCC9-4E16-4B35-8FA0-9AAA387EDA13}"
EndProject
Global
	GlobalSection(SolutionConfigurationPlatforms) = preSolution
		Debug|Any CPU = Debug|Any CPU
		Release|Any CPU = Release|Any CPU
	EndGlobalSection
	GlobalSection(ProjectConfigurationPlatforms) = postSolution
		{95EDEE73-37D6-4A75-AEED-833D799AFC00}.Debug|Any CPU.ActiveCfg = Debug|Any CPU
		{95EDEE73-37D6-4A75-AEED-833D799AFC00}.Debug|Any CPU.Build.0 = Debug|Any CPU
		{95EDEE73-37D6-4A75-AEED-833D799AFC00}.Release|Any CPU.ActiveCfg = Release|Any CPU
		{95EDEE73-37D6-4A75-AEED-833D799AFC00}.Release|Any CPU.Build.0 = Release|Any CPU
		{CD0A66D9-2F7A-44AD-8024-E13B16C4941B}.Debug|Any CPU.ActiveCfg = Debug|Any CPU
		{CD0A66D9-2F7A-44AD-8024-E13B16C4941B}.Debug|Any CPU.Build.0 = Debug|Any CPU
		{CD0A66D9-2F7A-44AD-8024-E13B16C4941B}.Release|Any CPU.ActiveCfg = Release|Any CPU
		{CD0A66D9-2F7A-44AD-8024-E13B16C4941B}.Release|Any CPU.Build.0 = Release|Any CPU
		{612ABCC9-4E16-4B35-8FA0-9AAA387EDA13}.Debug|Any CPU.ActiveCfg = Debug|Any CPU
		{612ABCC9-4E16-4B35-8FA0-9AAA387EDA13}.Debug|Any CPU.Build.0 = Debug|Any CPU
		{612ABCC9-4E16-4B35-8FA0-9AAA387EDA13}.Release|Any CPU.ActiveCfg = Release|Any CPU
		{612ABCC9-4E16-4B35-8FA0-9AAA387EDA13}.Release|Any CPU.Build.0 = Release|Any CPU
	EndGlobalSection
	GlobalSection(SolutionProperties) = preSolution
		HideSolutionNode = FALSE
	EndGlobalSection
	GlobalSection(ExtensibilityGlobals) = postSolution
		SolutionGuid = {892475B8-79C7-4F90-90BB-9004339AF75D}
	EndGlobalSection
EndGlobal
